
Microsoft Visual Studio Solution File, Format Version 10.00
# Visual Studio 2008
Project("{FAE04EC0-301F-11D3-BF4B-00C04F79EFBC}") = "FC Killer", "FC Killer\FC Killer.csproj", "{C17A5E3D-EBEB-4580-BAA4-C107784879DF}"
EndProject
Global
	GlobalSection(SolutionConfigurationPlatforms) = preSolution
		Debug|Any CPU = Debug|Any CPU
		Release|Any CPU = Release|Any CPU
	EndGlobalSection
	GlobalSection(ProjectConfigurationPlatforms) = postSolution
		{C17A5E3D-EBEB-4580-BAA4-C107784879DF}.Debug|Any CPU.ActiveCfg = Debug|Any CPU
		{C17A5E3D-EBEB-4580-BAA4-C107784879DF}.Debug|Any CPU.Build.0 = Debug|Any CPU
		{C17A5E3D-EBEB-4580-BAA4-C107784879DF}.Release|Any CPU.ActiveCfg = Release|Any CPU
		{C17A5E3D-EBEB-4580-BAA4-C107784879DF}.Release|Any CPU.Build.0 = Release|Any CPU
	EndGlobalSection
	GlobalSection(SolutionProperties) = preSolution
		HideSolutionNode = FALSE
	EndGlobalSection
EndGlobal
